
Microsoft Visual Studio Solution File, Format Version 12.00
# Visual Studio 2012
Project("{FAE04EC0-301F-11D3-BF4B-00C04F79EFBC}") = "SFUAndroid", "SFUAndroid\SFUAndroid.csproj", "{EABB9D70-4C09-4D0A-A10B-DA24E079DBCF}"
EndProject
Project("{FAE04EC0-301F-11D3-BF4B-00C04F79EFBC}") = "SFUAndroid.PhotoView", "SFUAndroid.PhotoView\SFUAndroid.PhotoView.csproj", "{041E47C8-77B5-4D44-9E69-3FD178ECEBAF}"
EndProject
Project("{FAE04EC0-301F-11D3-BF4B-00C04F79EFBC}") = "SFUAndroid.CardsUI", "SFUAndroid.CardsUI\SFUAndroid.CardsUI.csproj", "{3144C38F-669E-418F-9406-D454E3708361}"
EndProject
Project("{FAE04EC0-301F-11D3-BF4B-00C04F79EFBC}") = "SFUAndroid.ImageLoader", "SFUAndroid.ImageLoader\SFUAndroid.ImageLoader.csproj", "{25D43481-00B2-435B-B388-5038F6CFBDC8}"
EndProject
Global
	GlobalSection(SolutionConfigurationPlatforms) = preSolution
		Debug|Any CPU = Debug|Any CPU
		Release|Any CPU = Release|Any CPU
	EndGlobalSection
	GlobalSection(ProjectConfigurationPlatforms) = postSolution
		{EABB9D70-4C09-4D0A-A10B-DA24E079DBCF}.Debug|Any CPU.ActiveCfg = Debug|Any CPU
		{EABB9D70-4C09-4D0A-A10B-DA24E079DBCF}.Debug|Any CPU.Build.0 = Debug|Any CPU
		{EABB9D70-4C09-4D0A-A10B-DA24E079DBCF}.Debug|Any CPU.Deploy.0 = Debug|Any CPU
		{EABB9D70-4C09-4D0A-A10B-DA24E079DBCF}.Release|Any CPU.ActiveCfg = Release|Any CPU
		{EABB9D70-4C09-4D0A-A10B-DA24E079DBCF}.Release|Any CPU.Build.0 = Release|Any CPU
		{EABB9D70-4C09-4D0A-A10B-DA24E079DBCF}.Release|Any CPU.Deploy.0 = Release|Any CPU
		{041E47C8-77B5-4D44-9E69-3FD178ECEBAF}.Debug|Any CPU.ActiveCfg = Debug|Any CPU
		{041E47C8-77B5-4D44-9E69-3FD178ECEBAF}.Release|Any CPU.ActiveCfg = Release|Any CPU
		{3144C38F-669E-418F-9406-D454E3708361}.Debug|Any CPU.ActiveCfg = Debug|Any CPU
		{3144C38F-669E-418F-9406-D454E3708361}.Release|Any CPU.ActiveCfg = Release|Any CPU
		{25D43481-00B2-435B-B388-5038F6CFBDC8}.Debug|Any CPU.ActiveCfg = Debug|Any CPU
		{25D43481-00B2-435B-B388-5038F6CFBDC8}.Debug|Any CPU.Build.0 = Debug|Any CPU
		{25D43481-00B2-435B-B388-5038F6CFBDC8}.Release|Any CPU.ActiveCfg = Release|Any CPU
		{25D43481-00B2-435B-B388-5038F6CFBDC8}.Release|Any CPU.Build.0 = Release|Any CPU
	EndGlobalSection
	GlobalSection(SolutionProperties) = preSolution
		HideSolutionNode = FALSE
	EndGlobalSection
EndGlobal
